
Microsoft Visual Studio Solution File, Format Version 12.00
# Visual Studio Version 17
VisualStudioVersion = 17.10.34916.146
MinimumVisualStudioVersion = 10.0.40219.1


Project("{9A19103F-16F7-4668-BE54-9A1E7A4F7556}") = "RapidPay.Cards.Api", "RapidPay.Cards.Api\RapidPay.Cards.Api.csproj", "{99FE6038-FA91-4FCC-9B66-F2BEABAA5043}"
EndProject
Project("{9A19103F-16F7-4668-BE54-9A1E7A4F7556}") = "RapidPay.Cards.Domain", "RapidPay.Cards.Domain\RapidPay.Cards.Domain.csproj", "{1880D120-FB21-467B-8CA2-152F7B9CCCC6}"
EndProject
Project("{9A19103F-16F7-4668-BE54-9A1E7A4F7556}") = "RapidPay.Cards.Data", "RapidPay.Cards.Data\RapidPay.Cards.Data.csproj", "{B7E37CE2-F458-4228-99BC-EAF3AB430A55}"
EndProject
Project("{9A19103F-16F7-4668-BE54-9A1E7A4F7556}") = "RapidPay.Fees.Domain", "RapidPay.Fees.Domain\RapidPay.Fees.Domain.csproj", "{DEA16C26-92DE-4526-BA4A-2BBFEFD1F4EE}"
EndProject
Project("{9A19103F-16F7-4668-BE54-9A1E7A4F7556}") = "RapidPay.Auth.Domain", "RapidPay.Auth.Domain\RapidPay.Auth.Domain.csproj", "{4DB5444F-6947-450F-A68C-8E08282E28ED}"
EndProject
Project("{2150E333-8FDC-42A3-9474-1A3956D46DE8}") = "Cards", "Cards", "{2FAB6D6D-A978-41E8-A7E2-C10A829E8467}"
EndProject
Project("{2150E333-8FDC-42A3-9474-1A3956D46DE8}") = "Solution Items", "Solution Items", "{27498EB2-EDB0-4F80-B87D-64E30F2E0CE3}"
	ProjectSection(SolutionItems) = preProject
		.editorconfig = .editorconfig
	EndProjectSection
EndProject
Project("{9A19103F-16F7-4668-BE54-9A1E7A4F7556}") = "RapidPay.Fees.Api", "RapidPay.Fees.Api\RapidPay.Fees.Api.csproj", "{C0CFFA6D-EB7D-4412-811C-79D1CBD1E562}"
EndProject
Project("{9A19103F-16F7-4668-BE54-9A1E7A4F7556}") = "RapidPay.Auth.Api", "RapidPay.Auth.Api\RapidPay.Auth.Api.csproj", "{37263426-30CE-408C-A195-74A6364EE769}"
EndProject

Project("{9A19103F-16F7-4668-BE54-9A1E7A4F7556}") = "RapidPay.Framework.Api", "RapidPay.Framework.Api\RapidPay.Framework.Api.csproj", "{FE3C908A-F949-4CF7-BB34-8543ABD3C541}"
EndProject
Project("{2150E333-8FDC-42A3-9474-1A3956D46DE8}") = "Test", "Test", "{A59DC92C-7A72-425D-BC47-2635146536B3}"
EndProject
Project("{9A19103F-16F7-4668-BE54-9A1E7A4F7556}") = "RapidPay.Auth.Api.Models", "RapidPay.Auth.Api.Models\RapidPay.Auth.Api.Models.csproj", "{6E5D68E7-0DDC-424F-9BEA-8DCB55F58786}"
EndProject
Project("{9A19103F-16F7-4668-BE54-9A1E7A4F7556}") = "RapidPay.Cards.Api.Models", "RapidPay.Cards.Api.Models\RapidPay.Cards.Api.Models.csproj", "{2C820AC0-65B8-448D-8910-5C610A80C872}"
EndProject
Project("{9A19103F-16F7-4668-BE54-9A1E7A4F7556}") = "RapidPay.Api.Test", "RapidPay.Api.Test\RapidPay.Api.Test.csproj", "{9306F529-8A1F-48E7-9E1A-1E64A49AB052}"
EndProject
Project("{9A19103F-16F7-4668-BE54-9A1E7A4F7556}") = "RapidPay.Framework.Domain", "RapidPay.Framework.Domain\RapidPay.Framework.Domain.csproj", "{A0140781-8D8B-4ECC-9690-496D213C4B09}"
EndProject
Project("{2150E333-8FDC-42A3-9474-1A3956D46DE8}") = "Framework", "Framework", "{B44D5386-F3C5-40E6-BADC-83B36F3D5A38}"
EndProject
Project("{9A19103F-16F7-4668-BE54-9A1E7A4F7556}") = "RapidPay.Cards.Adapters", "RapidPay.Cards.Adapters\RapidPay.Cards.Adapters.csproj", "{50F7D9C3-4B99-477A-9EE2-7998FE93A60A}"
EndProject
Project("{2150E333-8FDC-42A3-9474-1A3956D46DE8}") = "Fees", "Fees", "{E7F2AE2F-DFC6-4AE2-BBD4-EAF40E9D114E}"
EndProject
Project("{2150E333-8FDC-42A3-9474-1A3956D46DE8}") = "Auth", "Auth", "{971EA04E-3AEB-4BC8-9ADD-762397F40CF1}"
EndProject
Global
	GlobalSection(SolutionConfigurationPlatforms) = preSolution
		Debug|Any CPU = Debug|Any CPU
		Release|Any CPU = Release|Any CPU
	EndGlobalSection
	GlobalSection(ProjectConfigurationPlatforms) = postSolution
		{99FE6038-FA91-4FCC-9B66-F2BEABAA5043}.Debug|Any CPU.ActiveCfg = Debug|Any CPU
		{99FE6038-FA91-4FCC-9B66-F2BEABAA5043}.Debug|Any CPU.Build.0 = Debug|Any CPU
		{99FE6038-FA91-4FCC-9B66-F2BEABAA5043}.Release|Any CPU.ActiveCfg = Release|Any CPU
		{99FE6038-FA91-4FCC-9B66-F2BEABAA5043}.Release|Any CPU.Build.0 = Release|Any CPU
		{1880D120-FB21-467B-8CA2-152F7B9CCCC6}.Debug|Any CPU.ActiveCfg = Debug|Any CPU
		{1880D120-FB21-467B-8CA2-152F7B9CCCC6}.Debug|Any CPU.Build.0 = Debug|Any CPU
		{1880D120-FB21-467B-8CA2-152F7B9CCCC6}.Release|Any CPU.ActiveCfg = Release|Any CPU
		{1880D120-FB21-467B-8CA2-152F7B9CCCC6}.Release|Any CPU.Build.0 = Release|Any CPU
		{B7E37CE2-F458-4228-99BC-EAF3AB430A55}.Debug|Any CPU.ActiveCfg = Debug|Any CPU
		{B7E37CE2-F458-4228-99BC-EAF3AB430A55}.Debug|Any CPU.Build.0 = Debug|Any CPU
		{B7E37CE2-F458-4228-99BC-EAF3AB430A55}.Release|Any CPU.ActiveCfg = Release|Any CPU
		{B7E37CE2-F458-4228-99BC-EAF3AB430A55}.Release|Any CPU.Build.0 = Release|Any CPU
		{DEA16C26-92DE-4526-BA4A-2BBFEFD1F4EE}.Debug|Any CPU.ActiveCfg = Debug|Any CPU
		{DEA16C26-92DE-4526-BA4A-2BBFEFD1F4EE}.Debug|Any CPU.Build.0 = Debug|Any CPU
		{DEA16C26-92DE-4526-BA4A-2BBFEFD1F4EE}.Release|Any CPU.ActiveCfg = Release|Any CPU
		{DEA16C26-92DE-4526-BA4A-2BBFEFD1F4EE}.Release|Any CPU.Build.0 = Release|Any CPU
		{4DB5444F-6947-450F-A68C-8E08282E28ED}.Debug|Any CPU.ActiveCfg = Debug|Any CPU
		{4DB5444F-6947-450F-A68C-8E08282E28ED}.Debug|Any CPU.Build.0 = Debug|Any CPU
		{4DB5444F-6947-450F-A68C-8E08282E28ED}.Release|Any CPU.ActiveCfg = Release|Any CPU
		{4DB5444F-6947-450F-A68C-8E08282E28ED}.Release|Any CPU.Build.0 = Release|Any CPU
		{C0CFFA6D-EB7D-4412-811C-79D1CBD1E562}.Debug|Any CPU.ActiveCfg = Debug|Any CPU
		{C0CFFA6D-EB7D-4412-811C-79D1CBD1E562}.Debug|Any CPU.Build.0 = Debug|Any CPU
		{C0CFFA6D-EB7D-4412-811C-79D1CBD1E562}.Release|Any CPU.ActiveCfg = Release|Any CPU
		{C0CFFA6D-EB7D-4412-811C-79D1CBD1E562}.Release|Any CPU.Build.0 = Release|Any CPU
		{37263426-30CE-408C-A195-74A6364EE769}.Debug|Any CPU.ActiveCfg = Debug|Any CPU
		{37263426-30CE-408C-A195-74A6364EE769}.Debug|Any CPU.Build.0 = Debug|Any CPU
		{37263426-30CE-408C-A195-74A6364EE769}.Release|Any CPU.ActiveCfg = Release|Any CPU
		{37263426-30CE-408C-A195-74A6364EE769}.Release|Any CPU.Build.0 = Release|Any CPU
		{FE3C908A-F949-4CF7-BB34-8543ABD3C541}.Debug|Any CPU.ActiveCfg = Debug|Any CPU
		{FE3C908A-F949-4CF7-BB34-8543ABD3C541}.Debug|Any CPU.Build.0 = Debug|Any CPU
		{FE3C908A-F949-4CF7-BB34-8543ABD3C541}.Release|Any CPU.ActiveCfg = Release|Any CPU
		{FE3C908A-F949-4CF7-BB34-8543ABD3C541}.Release|Any CPU.Build.0 = Release|Any CPU
		{6E5D68E7-0DDC-424F-9BEA-8DCB55F58786}.Debug|Any CPU.ActiveCfg = Debug|Any CPU
		{6E5D68E7-0DDC-424F-9BEA-8DCB55F58786}.Debug|Any CPU.Build.0 = Debug|Any CPU
		{6E5D68E7-0DDC-424F-9BEA-8DCB55F58786}.Release|Any CPU.ActiveCfg = Release|Any CPU
		{6E5D68E7-0DDC-424F-9BEA-8DCB55F58786}.Release|Any CPU.Build.0 = Release|Any CPU
		{2C820AC0-65B8-448D-8910-5C610A80C872}.Debug|Any CPU.ActiveCfg = Debug|Any CPU
		{2C820AC0-65B8-448D-8910-5C610A80C872}.Debug|Any CPU.Build.0 = Debug|Any CPU
		{2C820AC0-65B8-448D-8910-5C610A80C872}.Release|Any CPU.ActiveCfg = Release|Any CPU
		{2C820AC0-65B8-448D-8910-5C610A80C872}.Release|Any CPU.Build.0 = Release|Any CPU
		{9306F529-8A1F-48E7-9E1A-1E64A49AB052}.Debug|Any CPU.ActiveCfg = Debug|Any CPU
		{9306F529-8A1F-48E7-9E1A-1E64A49AB052}.Debug|Any CPU.Build.0 = Debug|Any CPU
		{9306F529-8A1F-48E7-9E1A-1E64A49AB052}.Release|Any CPU.ActiveCfg = Release|Any CPU
		{9306F529-8A1F-48E7-9E1A-1E64A49AB052}.Release|Any CPU.Build.0 = Release|Any CPU
		{A0140781-8D8B-4ECC-9690-496D213C4B09}.Debug|Any CPU.ActiveCfg = Debug|Any CPU
		{A0140781-8D8B-4ECC-9690-496D213C4B09}.Debug|Any CPU.Build.0 = Debug|Any CPU
		{A0140781-8D8B-4ECC-9690-496D213C4B09}.Release|Any CPU.ActiveCfg = Release|Any CPU
		{A0140781-8D8B-4ECC-9690-496D213C4B09}.Release|Any CPU.Build.0 = Release|Any CPU
		{50F7D9C3-4B99-477A-9EE2-7998FE93A60A}.Debug|Any CPU.ActiveCfg = Debug|Any CPU
		{50F7D9C3-4B99-477A-9EE2-7998FE93A60A}.Debug|Any CPU.Build.0 = Debug|Any CPU
		{50F7D9C3-4B99-477A-9EE2-7998FE93A60A}.Release|Any CPU.ActiveCfg = Release|Any CPU
		{50F7D9C3-4B99-477A-9EE2-7998FE93A60A}.Release|Any CPU.Build.0 = Release|Any CPU
	EndGlobalSection
	GlobalSection(SolutionProperties) = preSolution
		HideSolutionNode = FALSE
	EndGlobalSection
	GlobalSection(NestedProjects) = preSolution
		{99FE6038-FA91-4FCC-9B66-F2BEABAA5043} = {2FAB6D6D-A978-41E8-A7E2-C10A829E8467}
		{1880D120-FB21-467B-8CA2-152F7B9CCCC6} = {2FAB6D6D-A978-41E8-A7E2-C10A829E8467}
		{B7E37CE2-F458-4228-99BC-EAF3AB430A55} = {2FAB6D6D-A978-41E8-A7E2-C10A829E8467}
		{DEA16C26-92DE-4526-BA4A-2BBFEFD1F4EE} = {E7F2AE2F-DFC6-4AE2-BBD4-EAF40E9D114E}
		{4DB5444F-6947-450F-A68C-8E08282E28ED} = {971EA04E-3AEB-4BC8-9ADD-762397F40CF1}
		{C0CFFA6D-EB7D-4412-811C-79D1CBD1E562} = {E7F2AE2F-DFC6-4AE2-BBD4-EAF40E9D114E}
		{37263426-30CE-408C-A195-74A6364EE769} = {971EA04E-3AEB-4BC8-9ADD-762397F40CF1}
		{FE3C908A-F949-4CF7-BB34-8543ABD3C541} = {B44D5386-F3C5-40E6-BADC-83B36F3D5A38}
		{6E5D68E7-0DDC-424F-9BEA-8DCB55F58786} = {971EA04E-3AEB-4BC8-9ADD-762397F40CF1}
		{2C820AC0-65B8-448D-8910-5C610A80C872} = {2FAB6D6D-A978-41E8-A7E2-C10A829E8467}
		{9306F529-8A1F-48E7-9E1A-1E64A49AB052} = {A59DC92C-7A72-425D-BC47-2635146536B3}
		{A0140781-8D8B-4ECC-9690-496D213C4B09} = {B44D5386-F3C5-40E6-BADC-83B36F3D5A38}
		{50F7D9C3-4B99-477A-9EE2-7998FE93A60A} = {2FAB6D6D-A978-41E8-A7E2-C10A829E8467}
	EndGlobalSection
	GlobalSection(ExtensibilityGlobals) = postSolution
		SolutionGuid = {9F316863-EDE2-4B74-AC39-DB1F5861E648}
	EndGlobalSection
EndGlobal
